
Microsoft Visual Studio Solution File, Format Version 12.00
# Visual Studio Version 17
VisualStudioVersion = 17.7.34003.232
MinimumVisualStudioVersion = 10.0.40219.1
Project("{FAE04EC0-301F-11D3-BF4B-00C04F79EFBC}") = "Portfolio", "Portfolio\Portfolio.csproj", "{6C2BDAE7-1AD4-4299-8B4D-B33570082BB1}"
EndProject
Global
	GlobalSection(SolutionConfigurationPlatforms) = preSolution
		Debug|Any CPU = Debug|Any CPU
		Release|Any CPU = Release|Any CPU
	EndGlobalSection
	GlobalSection(ProjectConfigurationPlatforms) = postSolution
		{6C2BDAE7-1AD4-4299-8B4D-B33570082BB1}.Debug|Any CPU.ActiveCfg = Debug|Any CPU
		{6C2BDAE7-1AD4-4299-8B4D-B33570082BB1}.Debug|Any CPU.Build.0 = Debug|Any CPU
		{6C2BDAE7-1AD4-4299-8B4D-B33570082BB1}.Release|Any CPU.ActiveCfg = Release|Any CPU
		{6C2BDAE7-1AD4-4299-8B4D-B33570082BB1}.Release|Any CPU.Build.0 = Release|Any CPU
	EndGlobalSection
	GlobalSection(SolutionProperties) = preSolution
		HideSolutionNode = FALSE
	EndGlobalSection
	GlobalSection(ExtensibilityGlobals) = postSolution
		SolutionGuid = {989191A1-0C84-4E2A-A280-4CC365C235AA}
	EndGlobalSection
EndGlobal
